
Microsoft Visual Studio Solution File, Format Version 12.00
# Visual Studio Version 17
VisualStudioVersion = 17.5.2.0
MinimumVisualStudioVersion = 10.0.40219.1
Project("{FAE04EC0-301F-11D3-BF4B-00C04F79EFBC}") = "minimal-api", "Api\minimal-api.csproj", "{4DA376C4-2915-E111-8109-D5D194E3BCD9}"
EndProject
Project("{FAE04EC0-301F-11D3-BF4B-00C04F79EFBC}") = "Test", "Test\Test.csproj", "{7D829ADC-58DC-4E48-AA73-6DD7FD29BC3C}"
EndProject
Global
	GlobalSection(SolutionConfigurationPlatforms) = preSolution
		Debug|Any CPU = Debug|Any CPU
		Debug|x64 = Debug|x64
		Debug|x86 = Debug|x86
		Release|Any CPU = Release|Any CPU
		Release|x64 = Release|x64
		Release|x86 = Release|x86
	EndGlobalSection
	GlobalSection(ProjectConfigurationPlatforms) = postSolution
		{4DA376C4-2915-E111-8109-D5D194E3BCD9}.Debug|Any CPU.ActiveCfg = Debug|Any CPU
		{4DA376C4-2915-E111-8109-D5D194E3BCD9}.Debug|Any CPU.Build.0 = Debug|Any CPU
		{4DA376C4-2915-E111-8109-D5D194E3BCD9}.Debug|x64.ActiveCfg = Debug|Any CPU
		{4DA376C4-2915-E111-8109-D5D194E3BCD9}.Debug|x64.Build.0 = Debug|Any CPU
		{4DA376C4-2915-E111-8109-D5D194E3BCD9}.Debug|x86.ActiveCfg = Debug|Any CPU
		{4DA376C4-2915-E111-8109-D5D194E3BCD9}.Debug|x86.Build.0 = Debug|Any CPU
		{4DA376C4-2915-E111-8109-D5D194E3BCD9}.Release|Any CPU.ActiveCfg = Release|Any CPU
		{4DA376C4-2915-E111-8109-D5D194E3BCD9}.Release|Any CPU.Build.0 = Release|Any CPU
		{4DA376C4-2915-E111-8109-D5D194E3BCD9}.Release|x64.ActiveCfg = Release|Any CPU
		{4DA376C4-2915-E111-8109-D5D194E3BCD9}.Release|x64.Build.0 = Release|Any CPU
		{4DA376C4-2915-E111-8109-D5D194E3BCD9}.Release|x86.ActiveCfg = Release|Any CPU
		{4DA376C4-2915-E111-8109-D5D194E3BCD9}.Release|x86.Build.0 = Release|Any CPU
		{7D829ADC-58DC-4E48-AA73-6DD7FD29BC3C}.Debug|Any CPU.ActiveCfg = Debug|Any CPU
		{7D829ADC-58DC-4E48-AA73-6DD7FD29BC3C}.Debug|Any CPU.Build.0 = Debug|Any CPU
		{7D829ADC-58DC-4E48-AA73-6DD7FD29BC3C}.Debug|x64.ActiveCfg = Debug|Any CPU
		{7D829ADC-58DC-4E48-AA73-6DD7FD29BC3C}.Debug|x64.Build.0 = Debug|Any CPU
		{7D829ADC-58DC-4E48-AA73-6DD7FD29BC3C}.Debug|x86.ActiveCfg = Debug|Any CPU
		{7D829ADC-58DC-4E48-AA73-6DD7FD29BC3C}.Debug|x86.Build.0 = Debug|Any CPU
		{7D829ADC-58DC-4E48-AA73-6DD7FD29BC3C}.Release|Any CPU.ActiveCfg = Release|Any CPU
		{7D829ADC-58DC-4E48-AA73-6DD7FD29BC3C}.Release|Any CPU.Build.0 = Release|Any CPU
		{7D829ADC-58DC-4E48-AA73-6DD7FD29BC3C}.Release|x64.ActiveCfg = Release|Any CPU
		{7D829ADC-58DC-4E48-AA73-6DD7FD29BC3C}.Release|x64.Build.0 = Release|Any CPU
		{7D829ADC-58DC-4E48-AA73-6DD7FD29BC3C}.Release|x86.ActiveCfg = Release|Any CPU
		{7D829ADC-58DC-4E48-AA73-6DD7FD29BC3C}.Release|x86.Build.0 = Release|Any CPU
	EndGlobalSection
	GlobalSection(SolutionProperties) = preSolution
		HideSolutionNode = FALSE
	EndGlobalSection
	GlobalSection(ExtensibilityGlobals) = postSolution
		SolutionGuid = {3987486B-B546-41C4-B841-C5F55C347E9D}
	EndGlobalSection
EndGlobal
